
Microsoft Visual Studio Solution File, Format Version 12.00
# Visual Studio 2012
Project("{FAE04EC0-301F-11D3-BF4B-00C04F79EFBC}") = "xamarin-test-visual.iOS", "xamarin-test-visual.iOS.csproj", "{8176E562-91DA-48D2-9453-AAFC2A1D9B1E}"
EndProject
Global
	GlobalSection(SolutionConfigurationPlatforms) = preSolution
		Debug|iPhoneSimulator = Debug|iPhoneSimulator
		Release|iPhone = Release|iPhone
		Release|iPhoneSimulator = Release|iPhoneSimulator
		Debug|iPhone = Debug|iPhone
	EndGlobalSection
	GlobalSection(ProjectConfigurationPlatforms) = postSolution
		{8176E562-91DA-48D2-9453-AAFC2A1D9B1E}.Debug|iPhoneSimulator.ActiveCfg = Debug|iPhoneSimulator
		{8176E562-91DA-48D2-9453-AAFC2A1D9B1E}.Debug|iPhoneSimulator.Build.0 = Debug|iPhoneSimulator
		{8176E562-91DA-48D2-9453-AAFC2A1D9B1E}.Release|iPhone.ActiveCfg = Release|iPhone
		{8176E562-91DA-48D2-9453-AAFC2A1D9B1E}.Release|iPhone.Build.0 = Release|iPhone
		{8176E562-91DA-48D2-9453-AAFC2A1D9B1E}.Release|iPhoneSimulator.ActiveCfg = Release|iPhoneSimulator
		{8176E562-91DA-48D2-9453-AAFC2A1D9B1E}.Release|iPhoneSimulator.Build.0 = Release|iPhoneSimulator
		{8176E562-91DA-48D2-9453-AAFC2A1D9B1E}.Debug|iPhone.ActiveCfg = Debug|iPhone
		{8176E562-91DA-48D2-9453-AAFC2A1D9B1E}.Debug|iPhone.Build.0 = Debug|iPhone
	EndGlobalSection
EndGlobal
