
Microsoft Visual Studio Solution File, Format Version 12.00
# Visual Studio 2012
Project("{FAE04EC0-301F-11D3-BF4B-00C04F79EFBC}") = "xamarin-test-visual.Droid", "xamarin-test-visual.Droid.csproj", "{DE8AD5CE-92F4-4C5E-9866-5572624FCEDB}"
EndProject
Global
	GlobalSection(SolutionConfigurationPlatforms) = preSolution
		Debug|Any CPU = Debug|Any CPU
		Release|Any CPU = Release|Any CPU
	EndGlobalSection
	GlobalSection(ProjectConfigurationPlatforms) = postSolution
		{DE8AD5CE-92F4-4C5E-9866-5572624FCEDB}.Debug|Any CPU.ActiveCfg = Debug|Any CPU
		{DE8AD5CE-92F4-4C5E-9866-5572624FCEDB}.Debug|Any CPU.Build.0 = Debug|Any CPU
		{DE8AD5CE-92F4-4C5E-9866-5572624FCEDB}.Release|Any CPU.ActiveCfg = Release|Any CPU
		{DE8AD5CE-92F4-4C5E-9866-5572624FCEDB}.Release|Any CPU.Build.0 = Release|Any CPU
	EndGlobalSection
EndGlobal
